
Microsoft Visual Studio Solution File, Format Version 12.00
# Visual Studio 15
Project("{FAE04EC0-301F-11D3-BF4B-00C04F79EFBC}") = "Assembly-CSharp", "Assembly-CSharp.csproj", "{7AF183C8-114B-54B2-073E-3DAED3E74201}"
EndProject
Project("{FAE04EC0-301F-11D3-BF4B-00C04F79EFBC}") = "Assembly-CSharp", "Assembly-CSharp.Player.csproj", "{9EF507C9-54AB-8595-10D0-9EB3C7C7DD29}"
EndProject
Global
	GlobalSection(SolutionConfigurationPlatforms) = preSolution
		Debug|Any CPU = Debug|Any CPU
		Release|Any CPU = Release|Any CPU
	EndGlobalSection
	GlobalSection(ProjectConfigurationPlatforms) = postSolution
		{7AF183C8-114B-54B2-073E-3DAED3E74201}.Debug|Any CPU.ActiveCfg = Debug|Any CPU
		{7AF183C8-114B-54B2-073E-3DAED3E74201}.Debug|Any CPU.Build.0 = Debug|Any CPU
		{7AF183C8-114B-54B2-073E-3DAED3E74201}.Release|Any CPU.ActiveCfg = Release|Any CPU
		{7AF183C8-114B-54B2-073E-3DAED3E74201}.Release|Any CPU.Build.0 = Release|Any CPU
		{9EF507C9-54AB-8595-10D0-9EB3C7C7DD29}.Debug|Any CPU.ActiveCfg = Debug|Any CPU
		{9EF507C9-54AB-8595-10D0-9EB3C7C7DD29}.Debug|Any CPU.Build.0 = Debug|Any CPU
		{9EF507C9-54AB-8595-10D0-9EB3C7C7DD29}.Release|Any CPU.ActiveCfg = Release|Any CPU
		{9EF507C9-54AB-8595-10D0-9EB3C7C7DD29}.Release|Any CPU.Build.0 = Release|Any CPU
	EndGlobalSection
	GlobalSection(SolutionProperties) = preSolution
		HideSolutionNode = FALSE
	EndGlobalSection
EndGlobal
