
Microsoft Visual Studio Solution File, Format Version 12.00
# Visual Studio Version 17
VisualStudioVersion = 17.1.32407.343
MinimumVisualStudioVersion = 10.0.40219.1
Project("{FAE04EC0-301F-11D3-BF4B-00C04F79EFBC}") = "F1TelemetryApp", "F1TelemetryApp.csproj", "{EF0D2939-1531-46B5-80E0-598CBF814905}"
	ProjectSection(ProjectDependencies) = postProject
		{8526E5B0-0081-46DA-98FC-B284036DA37E} = {8526E5B0-0081-46DA-98FC-B284036DA37E}
	EndProjectSection
EndProject
Project("{FAE04EC0-301F-11D3-BF4B-00C04F79EFBC}") = "F1GameTelemetry", "..\F1GameTelemetry\F1GameTelemetry.csproj", "{8526E5B0-0081-46DA-98FC-B284036DA37E}"
EndProject
Project("{FAE04EC0-301F-11D3-BF4B-00C04F79EFBC}") = "F1TelemetryAppTests", "..\F1TelemetryAppTests\F1TelemetryAppTests.csproj", "{A1728C0D-1984-4724-ABB5-6D2121BA4577}"
	ProjectSection(ProjectDependencies) = postProject
		{EF0D2939-1531-46B5-80E0-598CBF814905} = {EF0D2939-1531-46B5-80E0-598CBF814905}
		{8526E5B0-0081-46DA-98FC-B284036DA37E} = {8526E5B0-0081-46DA-98FC-B284036DA37E}
	EndProjectSection
EndProject
Project("{FAE04EC0-301F-11D3-BF4B-00C04F79EFBC}") = "F1GameTelemetryAPI", "..\F1GameTelemetryAPI\F1GameTelemetryAPI.csproj", "{6940AFD0-3F41-495D-A9EF-EA5E3E613EE3}"
EndProject
Global
	GlobalSection(SolutionConfigurationPlatforms) = preSolution
		Debug|Any CPU = Debug|Any CPU
		Release|Any CPU = Release|Any CPU
	EndGlobalSection
	GlobalSection(ProjectConfigurationPlatforms) = postSolution
		{EF0D2939-1531-46B5-80E0-598CBF814905}.Debug|Any CPU.ActiveCfg = Debug|Any CPU
		{EF0D2939-1531-46B5-80E0-598CBF814905}.Debug|Any CPU.Build.0 = Debug|Any CPU
		{EF0D2939-1531-46B5-80E0-598CBF814905}.Release|Any CPU.ActiveCfg = Release|Any CPU
		{EF0D2939-1531-46B5-80E0-598CBF814905}.Release|Any CPU.Build.0 = Release|Any CPU
		{8526E5B0-0081-46DA-98FC-B284036DA37E}.Debug|Any CPU.ActiveCfg = Debug|Any CPU
		{8526E5B0-0081-46DA-98FC-B284036DA37E}.Debug|Any CPU.Build.0 = Debug|Any CPU
		{8526E5B0-0081-46DA-98FC-B284036DA37E}.Release|Any CPU.ActiveCfg = Release|Any CPU
		{8526E5B0-0081-46DA-98FC-B284036DA37E}.Release|Any CPU.Build.0 = Release|Any CPU
		{A1728C0D-1984-4724-ABB5-6D2121BA4577}.Debug|Any CPU.ActiveCfg = Debug|Any CPU
		{A1728C0D-1984-4724-ABB5-6D2121BA4577}.Debug|Any CPU.Build.0 = Debug|Any CPU
		{A1728C0D-1984-4724-ABB5-6D2121BA4577}.Release|Any CPU.ActiveCfg = Release|Any CPU
		{A1728C0D-1984-4724-ABB5-6D2121BA4577}.Release|Any CPU.Build.0 = Release|Any CPU
		{6940AFD0-3F41-495D-A9EF-EA5E3E613EE3}.Debug|Any CPU.ActiveCfg = Debug|Any CPU
		{6940AFD0-3F41-495D-A9EF-EA5E3E613EE3}.Debug|Any CPU.Build.0 = Debug|Any CPU
		{6940AFD0-3F41-495D-A9EF-EA5E3E613EE3}.Release|Any CPU.ActiveCfg = Release|Any CPU
		{6940AFD0-3F41-495D-A9EF-EA5E3E613EE3}.Release|Any CPU.Build.0 = Release|Any CPU
	EndGlobalSection
	GlobalSection(SolutionProperties) = preSolution
		HideSolutionNode = FALSE
	EndGlobalSection
	GlobalSection(ExtensibilityGlobals) = postSolution
		SolutionGuid = {27DD0A93-3B4E-4E7A-A3FF-4F636EDE7579}
	EndGlobalSection
EndGlobal
